
Microsoft Visual Studio Solution File, Format Version 12.00
# Visual Studio Version 16
VisualStudioVersion = 16.0.30517.126
MinimumVisualStudioVersion = 10.0.40219.1
Project("{9A19103F-16F7-4668-BE54-9A1E7A4F7556}") = "BudgetTracker", "BudgetTracker\BudgetTracker.csproj", "{FBD1CB13-2EC8-410D-9388-8C2C2D80F2F4}"
EndProject
Project("{9A19103F-16F7-4668-BE54-9A1E7A4F7556}") = "BudgetTracker.DAL", "DAL\BudgetTracker.DAL.csproj", "{83FF1F1C-3827-403E-8C63-ECF8A853BD91}"
EndProject
Project("{9A19103F-16F7-4668-BE54-9A1E7A4F7556}") = "BudgetTracker.Repository.Common", "BudgetTracker.Repository.Common\BudgetTracker.Repository.Common.csproj", "{8237FB74-DE38-40FD-9457-F2032E7D1F9A}"
EndProject
Project("{9A19103F-16F7-4668-BE54-9A1E7A4F7556}") = "BudgetTracker.Repository", "BudgetTracker.Repository\BudgetTracker.Repository.csproj", "{D76ECAFE-FDAD-4772-8B71-D8C31D6B02D6}"
EndProject
Project("{9A19103F-16F7-4668-BE54-9A1E7A4F7556}") = "BudgetTracker.Model.Common", "BudgetTracker.Model.Common\BudgetTracker.Model.Common.csproj", "{5FE46D51-FB68-42D1-9134-51112E997C0D}"
EndProject
Project("{9A19103F-16F7-4668-BE54-9A1E7A4F7556}") = "BudgetTracker.Model", "BudgetTracker.Model\BudgetTracker.Model.csproj", "{D9BD652B-01C0-4D1D-B9A1-27ED2E189B09}"
EndProject
Project("{9A19103F-16F7-4668-BE54-9A1E7A4F7556}") = "BudgetTracker.Service.Common", "BudgetTracker.Service.Common\BudgetTracker.Service.Common.csproj", "{55D7FC9D-3573-44F5-8C8A-6751D9D39716}"
EndProject
Project("{9A19103F-16F7-4668-BE54-9A1E7A4F7556}") = "BudgetTracker.Service", "BudgetTracker.Service\BudgetTracker.Service.csproj", "{351C953D-298D-40E5-B16F-44831E49CE6F}"
EndProject
Global
	GlobalSection(SolutionConfigurationPlatforms) = preSolution
		Debug|Any CPU = Debug|Any CPU
		Release|Any CPU = Release|Any CPU
	EndGlobalSection
	GlobalSection(ProjectConfigurationPlatforms) = postSolution
		{FBD1CB13-2EC8-410D-9388-8C2C2D80F2F4}.Debug|Any CPU.ActiveCfg = Debug|Any CPU
		{FBD1CB13-2EC8-410D-9388-8C2C2D80F2F4}.Debug|Any CPU.Build.0 = Debug|Any CPU
		{FBD1CB13-2EC8-410D-9388-8C2C2D80F2F4}.Release|Any CPU.ActiveCfg = Release|Any CPU
		{FBD1CB13-2EC8-410D-9388-8C2C2D80F2F4}.Release|Any CPU.Build.0 = Release|Any CPU
		{83FF1F1C-3827-403E-8C63-ECF8A853BD91}.Debug|Any CPU.ActiveCfg = Debug|Any CPU
		{83FF1F1C-3827-403E-8C63-ECF8A853BD91}.Debug|Any CPU.Build.0 = Debug|Any CPU
		{83FF1F1C-3827-403E-8C63-ECF8A853BD91}.Release|Any CPU.ActiveCfg = Release|Any CPU
		{83FF1F1C-3827-403E-8C63-ECF8A853BD91}.Release|Any CPU.Build.0 = Release|Any CPU
		{8237FB74-DE38-40FD-9457-F2032E7D1F9A}.Debug|Any CPU.ActiveCfg = Debug|Any CPU
		{8237FB74-DE38-40FD-9457-F2032E7D1F9A}.Debug|Any CPU.Build.0 = Debug|Any CPU
		{8237FB74-DE38-40FD-9457-F2032E7D1F9A}.Release|Any CPU.ActiveCfg = Release|Any CPU
		{8237FB74-DE38-40FD-9457-F2032E7D1F9A}.Release|Any CPU.Build.0 = Release|Any CPU
		{D76ECAFE-FDAD-4772-8B71-D8C31D6B02D6}.Debug|Any CPU.ActiveCfg = Debug|Any CPU
		{D76ECAFE-FDAD-4772-8B71-D8C31D6B02D6}.Debug|Any CPU.Build.0 = Debug|Any CPU
		{D76ECAFE-FDAD-4772-8B71-D8C31D6B02D6}.Release|Any CPU.ActiveCfg = Release|Any CPU
		{D76ECAFE-FDAD-4772-8B71-D8C31D6B02D6}.Release|Any CPU.Build.0 = Release|Any CPU
		{5FE46D51-FB68-42D1-9134-51112E997C0D}.Debug|Any CPU.ActiveCfg = Debug|Any CPU
		{5FE46D51-FB68-42D1-9134-51112E997C0D}.Debug|Any CPU.Build.0 = Debug|Any CPU
		{5FE46D51-FB68-42D1-9134-51112E997C0D}.Release|Any CPU.ActiveCfg = Release|Any CPU
		{5FE46D51-FB68-42D1-9134-51112E997C0D}.Release|Any CPU.Build.0 = Release|Any CPU
		{D9BD652B-01C0-4D1D-B9A1-27ED2E189B09}.Debug|Any CPU.ActiveCfg = Debug|Any CPU
		{D9BD652B-01C0-4D1D-B9A1-27ED2E189B09}.Debug|Any CPU.Build.0 = Debug|Any CPU
		{D9BD652B-01C0-4D1D-B9A1-27ED2E189B09}.Release|Any CPU.ActiveCfg = Release|Any CPU
		{D9BD652B-01C0-4D1D-B9A1-27ED2E189B09}.Release|Any CPU.Build.0 = Release|Any CPU
		{55D7FC9D-3573-44F5-8C8A-6751D9D39716}.Debug|Any CPU.ActiveCfg = Debug|Any CPU
		{55D7FC9D-3573-44F5-8C8A-6751D9D39716}.Debug|Any CPU.Build.0 = Debug|Any CPU
		{55D7FC9D-3573-44F5-8C8A-6751D9D39716}.Release|Any CPU.ActiveCfg = Release|Any CPU
		{55D7FC9D-3573-44F5-8C8A-6751D9D39716}.Release|Any CPU.Build.0 = Release|Any CPU
		{351C953D-298D-40E5-B16F-44831E49CE6F}.Debug|Any CPU.ActiveCfg = Debug|Any CPU
		{351C953D-298D-40E5-B16F-44831E49CE6F}.Debug|Any CPU.Build.0 = Debug|Any CPU
		{351C953D-298D-40E5-B16F-44831E49CE6F}.Release|Any CPU.ActiveCfg = Release|Any CPU
		{351C953D-298D-40E5-B16F-44831E49CE6F}.Release|Any CPU.Build.0 = Release|Any CPU
	EndGlobalSection
	GlobalSection(SolutionProperties) = preSolution
		HideSolutionNode = FALSE
	EndGlobalSection
	GlobalSection(ExtensibilityGlobals) = postSolution
		SolutionGuid = {BEFDE3F6-5DDF-4788-9965-3DA9445A3389}
	EndGlobalSection
EndGlobal
